# THIS IS AN AUTOGENERATED FILE. DO NOT EDIT THIS FILE DIRECTLY.
# yarn lockfile v1


acorn-es7-plugin@^1.0.10, acorn-es7-plugin@^1.0.12:
  version "1.1.7"
  resolved "http://registry.npm.taobao.org/acorn-es7-plugin/download/acorn-es7-plugin-1.1.7.tgz#f2ee1f3228a90eead1245f9ab1922eb2e71d336b"

acorn@^4.0.0:
  version "4.0.11"
  resolved "http://registry.npm.taobao.org/acorn/download/acorn-4.0.11.tgz#edcda3bd937e7556410d42ed5860f67399c794c0"

amdefine@>=0.0.4:
  version "1.0.1"
  resolved "http://registry.npm.taobao.org/amdefine/download/amdefine-1.0.1.tgz#4a5282ac164729e93619bcfd3ad151f817ce91f5"

array-filter@^1.0.0:
  version "1.0.0"
  resolved "http://registry.npm.taobao.org/array-filter/download/array-filter-1.0.0.tgz#baf79e62e6ef4c2a4c0b831232daffec251f9d83"

array-find@^1.0.0:
  version "1.0.0"
  resolved "http://registry.npm.taobao.org/array-find/download/array-find-1.0.0.tgz#6c8e286d11ed768327f8e62ecee87353ca3e78b8"

async@^1.5.2:
  version "1.5.2"
  resolved "http://registry.npm.taobao.org/async/download/async-1.5.2.tgz#ec6a61ae56480c0c3cb241c95618e20892f9672a"

asynckit@^0.4.0:
  version "0.4.0"
  resolved "http://registry.npm.taobao.org/asynckit/download/asynckit-0.4.0.tgz#c79ed97f7f34cb8f2ba1bc9790bcc366474b4b79"

balanced-match@^0.4.1:
  version "0.4.2"
  resolved "http://registry.npm.taobao.org/balanced-match/download/balanced-match-0.4.2.tgz#cb3f3e3c732dc0f01ee70b403f302e61d7709838"

bl@~1.1.2:
  version "1.1.2"
  resolved "http://registry.npm.taobao.org/bl/download/bl-1.1.2.tgz#fdca871a99713aa00d19e3bbba41c44787a65398"
  dependencies:
    readable-stream "~2.0.5"

brace-expansion@^1.0.0:
  version "1.1.6"
  resolved "http://registry.npm.taobao.org/brace-expansion/download/brace-expansion-1.1.6.tgz#7197d7eaa9b87e648390ea61fc66c84427420df9"
  dependencies:
    balanced-match "^0.4.1"
    concat-map "0.0.1"

browser-stdout@1.3.0:
  version "1.3.0"
  resolved "http://registry.npm.taobao.org/browser-stdout/download/browser-stdout-1.3.0.tgz#f351d32969d32fa5d7a5567154263d928ae3bd1f"

buffer-equal-constant-time@~1.0.1:
  version "1.0.1"
  resolved "http://registry.npm.taobao.org/buffer-equal-constant-time/download/buffer-equal-constant-time-1.0.1.tgz#f8e71132f7ffe6e01a5c9697a4c6f3e48d5cc819"

call-matcher@^1.0.0:
  version "1.0.1"
  resolved "http://registry.npm.taobao.org/call-matcher/download/call-matcher-1.0.1.tgz#5134d077984f712a54dad3cbf62de28dce416ca8"
  dependencies:
    core-js "^2.0.0"
    deep-equal "^1.0.0"
    espurify "^1.6.0"
    estraverse "^4.0.0"

call-signature@0.0.2:
  version "0.0.2"
  resolved "http://registry.npm.taobao.org/call-signature/download/call-signature-0.0.2.tgz#a84abc825a55ef4cb2b028bd74e205a65b9a4996"

combined-stream@^1.0.5:
  version "1.0.5"
  resolved "http://registry.npm.taobao.org/combined-stream/download/combined-stream-1.0.5.tgz#938370a57b4a51dea2c77c15d5c5fdf895164009"
  dependencies:
    delayed-stream "~1.0.0"

commander@2.9.0:
  version "2.9.0"
  resolved "http://registry.npm.taobao.org/commander/download/commander-2.9.0.tgz#9c99094176e12240cb22d6c5146098400fe0f7d4"
  dependencies:
    graceful-readlink ">= 1.0.0"

component-emitter@^1.2.0:
  version "1.2.1"
  resolved "http://registry.npm.taobao.org/component-emitter/download/component-emitter-1.2.1.tgz#137918d6d78283f7df7a6b7c5a63e140e69425e6"

concat-map@0.0.1:
  version "0.0.1"
  resolved "http://registry.npm.taobao.org/concat-map/download/concat-map-0.0.1.tgz#d8a96bd77fd68df7793a73036a3ba0d5405d477b"

convert-source-map@^1.1.0, convert-source-map@^1.1.1:
  version "1.5.0"
  resolved "http://registry.npm.taobao.org/convert-source-map/download/convert-source-map-1.5.0.tgz#9acd70851c6d5dfdd93d9282e5edf94a03ff46b5"

cookiejar@^2.0.6:
  version "2.1.0"
  resolved "http://registry.npm.taobao.org/cookiejar/download/cookiejar-2.1.0.tgz#86549689539b6d0e269b6637a304be508194d898"

core-js@^2.0.0:
  version "2.4.1"
  resolved "http://registry.npm.taobao.org/core-js/download/core-js-2.4.1.tgz#4de911e667b0eae9124e34254b53aea6fc618d3e"

core-util-is@~1.0.0:
  version "1.0.2"
  resolved "http://registry.npm.taobao.org/core-util-is/download/core-util-is-1.0.2.tgz#b5fd54220aa2bc5ab57aab7140c940754503c1a7"

d@1:
  version "1.0.0"
  resolved "http://registry.npm.taobao.org/d/download/d-1.0.0.tgz#754bb5bfe55451da69a58b94d45f4c5b0462d58f"
  dependencies:
    es5-ext "^0.10.9"

debug@2.2.0, debug@^2.2.0:
  version "2.2.0"
  resolved "http://registry.npm.taobao.org/debug/download/debug-2.2.0.tgz#f87057e995b1a1f6ae6a4960664137bc56f039da"
  dependencies:
    ms "0.7.1"

deep-equal@^1.0.0:
  version "1.0.1"
  resolved "http://registry.npm.taobao.org/deep-equal/download/deep-equal-1.0.1.tgz#f5d260292b660e084eff4cdbc9f08ad3247448b5"

deep-is@~0.1.3:
  version "0.1.3"
  resolved "http://registry.npm.taobao.org/deep-is/download/deep-is-0.1.3.tgz#b369d6fb5dbc13eecf524f91b070feedc357cf34"

define-properties@^1.1.2:
  version "1.1.2"
  resolved "http://registry.npm.taobao.org/define-properties/download/define-properties-1.1.2.tgz#83a73f2fea569898fb737193c8f873caf6d45c94"
  dependencies:
    foreach "^2.0.5"
    object-keys "^1.0.8"

delayed-stream@~1.0.0:
  version "1.0.0"
  resolved "http://registry.npm.taobao.org/delayed-stream/download/delayed-stream-1.0.0.tgz#df3ae199acadfb7d440aaae0b29e2272b24ec619"

diff-match-patch@^1.0.0:
  version "1.0.0"
  resolved "http://registry.npm.taobao.org/diff-match-patch/download/diff-match-patch-1.0.0.tgz#1cc3c83a490d67f95d91e39f6ad1f2e086b63048"

diff@1.4.0:
  version "1.4.0"
  resolved "http://registry.npm.taobao.org/diff/download/diff-1.4.0.tgz#7f28d2eb9ee7b15a97efd89ce63dcfdaa3ccbabf"

eastasianwidth@^0.1.1:
  version "0.1.1"
  resolved "http://registry.npm.taobao.org/eastasianwidth/download/eastasianwidth-0.1.1.tgz#44d656de9da415694467335365fb3147b8572b7c"

empower-assert@^1.0.0:
  version "1.0.1"
  resolved "http://registry.npm.taobao.org/empower-assert/download/empower-assert-1.0.1.tgz#31e310abc065baa7c3a0487e6be5bbcc65f3c1de"
  dependencies:
    estraverse "^4.2.0"

empower-core@^0.6.1:
  version "0.6.1"
  resolved "http://registry.npm.taobao.org/empower-core/download/empower-core-0.6.1.tgz#6c187f502fcef7554d57933396aac655483772b1"
  dependencies:
    call-signature "0.0.2"
    core-js "^2.0.0"

empower@^1.1.0:
  version "1.2.1"
  resolved "http://registry.npm.taobao.org/empower/download/empower-1.2.1.tgz#b63302741b6d503a241bff115befc948c8362c60"
  dependencies:
    core-js "^2.0.0"
    empower-core "^0.6.1"

es5-ext@^0.10.14, es5-ext@^0.10.9, es5-ext@~0.10.14:
  version "0.10.15"
  resolved "http://registry.npm.taobao.org/es5-ext/download/es5-ext-0.10.15.tgz#c330a5934c1ee21284a7c081a86e5fd937c91ea6"
  dependencies:
    es6-iterator "2"
    es6-symbol "~3.1"

es6-iterator@2, es6-iterator@^2.0.1, es6-iterator@~2.0.1:
  version "2.0.1"
  resolved "http://registry.npm.taobao.org/es6-iterator/download/es6-iterator-2.0.1.tgz#8e319c9f0453bf575d374940a655920e59ca5512"
  dependencies:
    d "1"
    es5-ext "^0.10.14"
    es6-symbol "^3.1"

es6-map@^0.1.3:
  version "0.1.5"
  resolved "http://registry.npm.taobao.org/es6-map/download/es6-map-0.1.5.tgz#9136e0503dcc06a301690f0bb14ff4e364e949f0"
  dependencies:
    d "1"
    es5-ext "~0.10.14"
    es6-iterator "~2.0.1"
    es6-set "~0.1.5"
    es6-symbol "~3.1.1"
    event-emitter "~0.3.5"

es6-set@~0.1.5:
  version "0.1.5"
  resolved "http://registry.npm.taobao.org/es6-set/download/es6-set-0.1.5.tgz#d2b3ec5d4d800ced818db538d28974db0a73ccb1"
  dependencies:
    d "1"
    es5-ext "~0.10.14"
    es6-iterator "~2.0.1"
    es6-symbol "3.1.1"
    event-emitter "~0.3.5"

es6-symbol@3.1.1, es6-symbol@^3.1, es6-symbol@^3.1.1, es6-symbol@~3.1, es6-symbol@~3.1.1:
  version "3.1.1"
  resolved "http://registry.npm.taobao.org/es6-symbol/download/es6-symbol-3.1.1.tgz#bf00ef4fdab6ba1b46ecb7b629b4c7ed5715cc77"
  dependencies:
    d "1"
    es5-ext "~0.10.14"

es6-weak-map@^2.0.1:
  version "2.0.2"
  resolved "http://registry.npm.taobao.org/es6-weak-map/download/es6-weak-map-2.0.2.tgz#5e3ab32251ffd1538a1f8e5ffa1357772f92d96f"
  dependencies:
    d "1"
    es5-ext "^0.10.14"
    es6-iterator "^2.0.1"
    es6-symbol "^3.1.1"

escallmatch@^1.5.0:
  version "1.5.0"
  resolved "http://registry.npm.taobao.org/escallmatch/download/escallmatch-1.5.0.tgz#50099d86e8091b092df8ddfbc3f9a6fb05a024d0"
  dependencies:
    call-matcher "^1.0.0"
    esprima "^2.0.0"

escape-string-regexp@1.0.5:
  version "1.0.5"
  resolved "http://registry.npm.taobao.org/escape-string-regexp/download/escape-string-regexp-1.0.5.tgz#1b61c0562190a8dff6ae3bb2cf0200ca130b86d4"

escodegen@^1.6.1, escodegen@^1.7.0:
  version "1.8.1"
  resolved "http://registry.npm.taobao.org/escodegen/download/escodegen-1.8.1.tgz#5a5b53af4693110bebb0867aa3430dd3b70a1018"
  dependencies:
    esprima "^2.7.1"
    estraverse "^1.9.1"
    esutils "^2.0.2"
    optionator "^0.8.1"
  optionalDependencies:
    source-map "~0.2.0"

escope@^3.3.0:
  version "3.6.0"
  resolved "http://registry.npm.taobao.org/escope/download/escope-3.6.0.tgz#e01975e812781a163a6dadfdd80398dc64c889c3"
  dependencies:
    es6-map "^0.1.3"
    es6-weak-map "^2.0.1"
    esrecurse "^4.1.0"
    estraverse "^4.1.1"

espower-loader@^1.0.0, espower-loader@^1.2.0:
  version "1.2.0"
  resolved "http://registry.npm.taobao.org/espower-loader/download/espower-loader-1.2.0.tgz#9f2b13ba17df25eaf0e8cadb36a3d225caa4d0ca"
  dependencies:
    convert-source-map "^1.1.0"
    espower-source "^2.0.0"
    minimatch "^3.0.0"
    source-map-support "^0.3.0"
    xtend "^4.0.0"

espower-location-detector@^1.0.0:
  version "1.0.0"
  resolved "http://registry.npm.taobao.org/espower-location-detector/download/espower-location-detector-1.0.0.tgz#a17b7ecc59d30e179e2bef73fb4137704cb331b5"
  dependencies:
    is-url "^1.2.1"
    path-is-absolute "^1.0.0"
    source-map "^0.5.0"
    xtend "^4.0.0"

espower-source@^2.0.0:
  version "2.0.1"
  resolved "http://registry.npm.taobao.org/espower-source/download/espower-source-2.0.1.tgz#ac6e08dd561e495466cfe70ca6c521a313b6be72"
  dependencies:
    acorn "^4.0.0"
    acorn-es7-plugin "^1.0.10"
    convert-source-map "^1.1.1"
    empower-assert "^1.0.0"
    escodegen "^1.6.1"
    espower "^2.0.0"
    estraverse "^4.0.0"
    merge-estraverse-visitors "^1.0.0"
    multi-stage-sourcemap "^0.2.1"
    path-is-absolute "^1.0.0"
    xtend "^4.0.0"

espower@^2.0.0:
  version "2.0.3"
  resolved "http://registry.npm.taobao.org/espower/download/espower-2.0.3.tgz#f04952fbe10e91b7151b2f3b6f1e00dde31605e0"
  dependencies:
    array-find "^1.0.0"
    escallmatch "^1.5.0"
    escodegen "^1.7.0"
    escope "^3.3.0"
    espower-location-detector "^1.0.0"
    espurify "^1.3.0"
    estraverse "^4.1.0"
    source-map "^0.5.0"
    type-name "^2.0.0"
    xtend "^4.0.0"

esprima@^2.0.0, esprima@^2.7.1:
  version "2.7.3"
  resolved "http://registry.npm.taobao.org/esprima/download/esprima-2.7.3.tgz#96e3b70d5779f6ad49cd032673d1c312767ba581"

espurify@^1.3.0, espurify@^1.6.0:
  version "1.7.0"
  resolved "http://registry.npm.taobao.org/espurify/download/espurify-1.7.0.tgz#1c5cf6cbccc32e6f639380bd4f991fab9ba9d226"
  dependencies:
    core-js "^2.0.0"

esrecurse@^4.1.0:
  version "4.1.0"
  resolved "http://registry.npm.taobao.org/esrecurse/download/esrecurse-4.1.0.tgz#4713b6536adf7f2ac4f327d559e7756bff648220"
  dependencies:
    estraverse "~4.1.0"
    object-assign "^4.0.1"

estraverse@^1.9.1:
  version "1.9.3"
  resolved "http://registry.npm.taobao.org/estraverse/download/estraverse-1.9.3.tgz#af67f2dc922582415950926091a4005d29c9bb44"

estraverse@^4.0.0, estraverse@^4.1.0, estraverse@^4.1.1, estraverse@^4.2.0:
  version "4.2.0"
  resolved "http://registry.npm.taobao.org/estraverse/download/estraverse-4.2.0.tgz#0dee3fed31fcd469618ce7342099fc1afa0bdb13"

estraverse@~4.1.0:
  version "4.1.1"
  resolved "http://registry.npm.taobao.org/estraverse/download/estraverse-4.1.1.tgz#f6caca728933a850ef90661d0e17982ba47111a2"

esutils@^2.0.2:
  version "2.0.2"
  resolved "http://registry.npm.taobao.org/esutils/download/esutils-2.0.2.tgz#0abf4f1caa5bcb1f7a9d8acc6dea4faaa04bac9b"

event-emitter@~0.3.5:
  version "0.3.5"
  resolved "http://registry.npm.taobao.org/event-emitter/download/event-emitter-0.3.5.tgz#df8c69eef1647923c7157b9ce83840610b02cc39"
  dependencies:
    d "1"
    es5-ext "~0.10.14"

extend@^3.0.0:
  version "3.0.0"
  resolved "http://registry.npm.taobao.org/extend/download/extend-3.0.0.tgz#5a474353b9f3353ddd8176dfd37b91c83a46f1d4"

fast-levenshtein@~2.0.4:
  version "2.0.6"
  resolved "http://registry.npm.taobao.org/fast-levenshtein/download/fast-levenshtein-2.0.6.tgz#3d8a5c66883a16a30ca8643e851f19baa7797917"

foreach@^2.0.5:
  version "2.0.5"
  resolved "http://registry.npm.taobao.org/foreach/download/foreach-2.0.5.tgz#0bee005018aeb260d0a3af3ae658dd0136ec1b99"

form-data@^2.1.1:
  version "2.1.2"
  resolved "http://registry.npm.taobao.org/form-data/download/form-data-2.1.2.tgz#89c3534008b97eada4cbb157d58f6f5df025eae4"
  dependencies:
    asynckit "^0.4.0"
    combined-stream "^1.0.5"
    mime-types "^2.1.12"

formidable@^1.1.1:
  version "1.1.1"
  resolved "http://registry.npm.taobao.org/formidable/download/formidable-1.1.1.tgz#96b8886f7c3c3508b932d6bd70c4d3a88f35f1a9"

fs.realpath@^1.0.0:
  version "1.0.0"
  resolved "http://registry.npm.taobao.org/fs.realpath/download/fs.realpath-1.0.0.tgz#1504ad2523158caa40db4a2787cb01411994ea4f"

github-webhook-handler@^0.6.0:
  version "0.6.0"
  resolved "http://registry.npm.taobao.org/github-webhook-handler/download/github-webhook-handler-0.6.0.tgz#0981c938c163599064a0c55e69dca9e21393c696"
  dependencies:
    bl "~1.1.2"
    buffer-equal-constant-time "~1.0.1"

glob@7.0.5:
  version "7.0.5"
  resolved "http://registry.npm.taobao.org/glob/download/glob-7.0.5.tgz#b4202a69099bbb4d292a7c1b95b6682b67ebdc95"
  dependencies:
    fs.realpath "^1.0.0"
    inflight "^1.0.4"
    inherits "2"
    minimatch "^3.0.2"
    once "^1.3.0"
    path-is-absolute "^1.0.0"

"graceful-readlink@>= 1.0.0":
  version "1.0.1"
  resolved "http://registry.npm.taobao.org/graceful-readlink/download/graceful-readlink-1.0.1.tgz#4cafad76bc62f02fa039b2f94e9a3dd3a391a725"

growl@1.9.2:
  version "1.9.2"
  resolved "http://registry.npm.taobao.org/growl/download/growl-1.9.2.tgz#0ea7743715db8d8de2c5ede1775e1b45ac85c02f"

has-flag@^1.0.0:
  version "1.0.0"
  resolved "http://registry.npm.taobao.org/has-flag/download/has-flag-1.0.0.tgz#9d9e793165ce017a00f00418c43f942a7b1d11fa"

indexof@0.0.1:
  version "0.0.1"
  resolved "http://registry.npm.taobao.org/indexof/download/indexof-0.0.1.tgz#82dc336d232b9062179d05ab3293a66059fd435d"

inflight@^1.0.4:
  version "1.0.6"
  resolved "http://registry.npm.taobao.org/inflight/download/inflight-1.0.6.tgz#49bd6331d7d02d0c09bc910a1075ba8165b56df9"
  dependencies:
    once "^1.3.0"
    wrappy "1"

inherits@2, inherits@~2.0.1:
  version "2.0.3"
  resolved "http://registry.npm.taobao.org/inherits/download/inherits-2.0.3.tgz#633c2c83e3da42a502f52466022480f4208261de"

intelli-espower-loader@^1.0.1:
  version "1.0.1"
  resolved "http://registry.npm.taobao.org/intelli-espower-loader/download/intelli-espower-loader-1.0.1.tgz#2c7b03146bc1d46bf210d0a0397c5c91ab4ca2b0"
  dependencies:
    espower-loader "^1.0.0"

is-url@^1.2.1:
  version "1.2.2"
  resolved "http://registry.npm.taobao.org/is-url/download/is-url-1.2.2.tgz#498905a593bf47cc2d9e7f738372bbf7696c7f26"

isarray@~1.0.0:
  version "1.0.0"
  resolved "http://registry.npm.taobao.org/isarray/download/isarray-1.0.0.tgz#bb935d48582cba168c06834957a54a3e07124f11"

json3@3.3.2:
  version "3.3.2"
  resolved "http://registry.npm.taobao.org/json3/download/json3-3.3.2.tgz#3c0434743df93e2f5c42aee7b19bcb483575f4e1"

levn@~0.3.0:
  version "0.3.0"
  resolved "http://registry.npm.taobao.org/levn/download/levn-0.3.0.tgz#3b09924edf9f083c0490fdd4c0bc4421e04764ee"
  dependencies:
    prelude-ls "~1.1.2"
    type-check "~0.3.2"

lodash._baseassign@^3.0.0:
  version "3.2.0"
  resolved "http://registry.npm.taobao.org/lodash._baseassign/download/lodash._baseassign-3.2.0.tgz#8c38a099500f215ad09e59f1722fd0c52bfe0a4e"
  dependencies:
    lodash._basecopy "^3.0.0"
    lodash.keys "^3.0.0"

lodash._basecopy@^3.0.0:
  version "3.0.1"
  resolved "http://registry.npm.taobao.org/lodash._basecopy/download/lodash._basecopy-3.0.1.tgz#8da0e6a876cf344c0ad8a54882111dd3c5c7ca36"

lodash._basecreate@^3.0.0:
  version "3.0.3"
  resolved "http://registry.npm.taobao.org/lodash._basecreate/download/lodash._basecreate-3.0.3.tgz#1bc661614daa7fc311b7d03bf16806a0213cf821"

lodash._getnative@^3.0.0:
  version "3.9.1"
  resolved "http://registry.npm.taobao.org/lodash._getnative/download/lodash._getnative-3.9.1.tgz#570bc7dede46d61cdcde687d65d3eecbaa3aaff5"

lodash._isiterateecall@^3.0.0:
  version "3.0.9"
  resolved "http://registry.npm.taobao.org/lodash._isiterateecall/download/lodash._isiterateecall-3.0.9.tgz#5203ad7ba425fae842460e696db9cf3e6aac057c"

lodash.create@3.1.1:
  version "3.1.1"
  resolved "http://registry.npm.taobao.org/lodash.create/download/lodash.create-3.1.1.tgz#d7f2849f0dbda7e04682bb8cd72ab022461debe7"
  dependencies:
    lodash._baseassign "^3.0.0"
    lodash._basecreate "^3.0.0"
    lodash._isiterateecall "^3.0.0"

lodash.isarguments@^3.0.0:
  version "3.1.0"
  resolved "http://registry.npm.taobao.org/lodash.isarguments/download/lodash.isarguments-3.1.0.tgz#2f573d85c6a24289ff00663b491c1d338ff3458a"

lodash.isarray@^3.0.0:
  version "3.0.4"
  resolved "http://registry.npm.taobao.org/lodash.isarray/download/lodash.isarray-3.0.4.tgz#79e4eb88c36a8122af86f844aa9bcd851b5fbb55"

lodash.keys@^3.0.0:
  version "3.1.2"
  resolved "http://registry.npm.taobao.org/lodash.keys/download/lodash.keys-3.1.2.tgz#4dbc0472b156be50a0b286855d1bd0b0c656098a"
  dependencies:
    lodash._getnative "^3.0.0"
    lodash.isarguments "^3.0.0"
    lodash.isarray "^3.0.0"

merge-estraverse-visitors@^1.0.0:
  version "1.0.0"
  resolved "http://registry.npm.taobao.org/merge-estraverse-visitors/download/merge-estraverse-visitors-1.0.0.tgz#eb968338b5ded5ceed82cec0307decba2d8ea994"
  dependencies:
    estraverse "^4.0.0"

methods@^1.1.1:
  version "1.1.2"
  resolved "http://registry.npm.taobao.org/methods/download/methods-1.1.2.tgz#5529a4d67654134edcc5266656835b0f851afcee"

mime-db@~1.27.0:
  version "1.27.0"
  resolved "http://registry.npm.taobao.org/mime-db/download/mime-db-1.27.0.tgz#820f572296bbd20ec25ed55e5b5de869e5436eb1"

mime-types@^2.1.12:
  version "2.1.15"
  resolved "http://registry.npm.taobao.org/mime-types/download/mime-types-2.1.15.tgz#a4ebf5064094569237b8cf70046776d09fc92aed"
  dependencies:
    mime-db "~1.27.0"

mime@^1.3.4:
  version "1.3.4"
  resolved "http://registry.npm.taobao.org/mime/download/mime-1.3.4.tgz#115f9e3b6b3daf2959983cb38f149a2d40eb5d53"

minimatch@^3.0.0, minimatch@^3.0.2:
  version "3.0.3"
  resolved "http://registry.npm.taobao.org/minimatch/download/minimatch-3.0.3.tgz#2a4e4090b96b2db06a9d7df01055a62a77c9b774"
  dependencies:
    brace-expansion "^1.0.0"

minimist@0.0.8:
  version "0.0.8"
  resolved "http://registry.npm.taobao.org/minimist/download/minimist-0.0.8.tgz#857fcabfc3397d2625b8228262e86aa7a011b05d"

mkdirp@0.5.1, mkdirp@0.5.x:
  version "0.5.1"
  resolved "http://registry.npm.taobao.org/mkdirp/download/mkdirp-0.5.1.tgz#30057438eac6cf7f8c4767f38648d6697d75c903"
  dependencies:
    minimist "0.0.8"

mocha@^3.2.0:
  version "3.2.0"
  resolved "http://registry.npm.taobao.org/mocha/download/mocha-3.2.0.tgz#7dc4f45e5088075171a68896814e6ae9eb7a85e3"
  dependencies:
    browser-stdout "1.3.0"
    commander "2.9.0"
    debug "2.2.0"
    diff "1.4.0"
    escape-string-regexp "1.0.5"
    glob "7.0.5"
    growl "1.9.2"
    json3 "3.3.2"
    lodash.create "3.1.1"
    mkdirp "0.5.1"
    supports-color "3.1.2"

ms@0.7.1:
  version "0.7.1"
  resolved "http://registry.npm.taobao.org/ms/download/ms-0.7.1.tgz#9cd13c03adbff25b65effde7ce864ee952017098"

multi-stage-sourcemap@^0.2.1:
  version "0.2.1"
  resolved "http://registry.npm.taobao.org/multi-stage-sourcemap/download/multi-stage-sourcemap-0.2.1.tgz#b09fc8586eaa17f81d575c4ad02e0f7a3f6b1105"
  dependencies:
    source-map "^0.1.34"

object-assign@^4.0.1:
  version "4.1.1"
  resolved "http://registry.npm.taobao.org/object-assign/download/object-assign-4.1.1.tgz#2109adc7965887cfc05cbbd442cac8bfbb360863"

object-keys@^1.0.0, object-keys@^1.0.8:
  version "1.0.11"
  resolved "http://registry.npm.taobao.org/object-keys/download/object-keys-1.0.11.tgz#c54601778ad560f1142ce0e01bcca8b56d13426d"

once@^1.3.0:
  version "1.4.0"
  resolved "http://registry.npm.taobao.org/once/download/once-1.4.0.tgz#583b1aa775961d4b113ac17d9c50baef9dd76bd1"
  dependencies:
    wrappy "1"

optionator@^0.8.1:
  version "0.8.2"
  resolved "http://registry.npm.taobao.org/optionator/download/optionator-0.8.2.tgz#364c5e409d3f4d6301d6c0b4c05bba50180aeb64"
  dependencies:
    deep-is "~0.1.3"
    fast-levenshtein "~2.0.4"
    levn "~0.3.0"
    prelude-ls "~1.1.2"
    type-check "~0.3.2"
    wordwrap "~1.0.0"

path-is-absolute@^1.0.0:
  version "1.0.1"
  resolved "http://registry.npm.taobao.org/path-is-absolute/download/path-is-absolute-1.0.1.tgz#174b9268735534ffbc7ace6bf53a5a9e1b5c5f5f"

portfinder@^1.0.13:
  version "1.0.13"
  resolved "http://registry.npm.taobao.org/portfinder/download/portfinder-1.0.13.tgz#bb32ecd87c27104ae6ee44b5a3ccbf0ebb1aede9"
  dependencies:
    async "^1.5.2"
    debug "^2.2.0"
    mkdirp "0.5.x"

power-assert-context-formatter@^1.0.7:
  version "1.1.1"
  resolved "http://registry.npm.taobao.org/power-assert-context-formatter/download/power-assert-context-formatter-1.1.1.tgz#edba352d3ed8a603114d667265acce60d689ccdf"
  dependencies:
    core-js "^2.0.0"
    power-assert-context-traversal "^1.1.1"

power-assert-context-reducer-ast@^1.0.7:
  version "1.1.1"
  resolved "http://registry.npm.taobao.org/power-assert-context-reducer-ast/download/power-assert-context-reducer-ast-1.1.1.tgz#bb419c65ea88c9a4dfc34a9dbcf82e971f6f69bc"
  dependencies:
    acorn "^4.0.0"
    acorn-es7-plugin "^1.0.12"
    core-js "^2.0.0"
    espurify "^1.6.0"
    estraverse "^4.2.0"

power-assert-context-traversal@^1.1.1:
  version "1.1.1"
  resolved "http://registry.npm.taobao.org/power-assert-context-traversal/download/power-assert-context-traversal-1.1.1.tgz#88cabca0d13b6359f07d3d3e8afa699264577ed9"
  dependencies:
    core-js "^2.0.0"
    estraverse "^4.1.0"

power-assert-formatter@^1.3.1:
  version "1.4.1"
  resolved "http://registry.npm.taobao.org/power-assert-formatter/download/power-assert-formatter-1.4.1.tgz#5dc125ed50a3dfb1dda26c19347f3bf58ec2884a"
  dependencies:
    core-js "^2.0.0"
    power-assert-context-formatter "^1.0.7"
    power-assert-context-reducer-ast "^1.0.7"
    power-assert-renderer-assertion "^1.0.7"
    power-assert-renderer-comparison "^1.0.7"
    power-assert-renderer-diagram "^1.0.7"
    power-assert-renderer-file "^1.0.7"

power-assert-renderer-assertion@^1.0.7:
  version "1.1.1"
  resolved "http://registry.npm.taobao.org/power-assert-renderer-assertion/download/power-assert-renderer-assertion-1.1.1.tgz#cbfc0e77e0086a8f96af3f1d8e67b9ee7e28ce98"
  dependencies:
    power-assert-renderer-base "^1.1.1"
    power-assert-util-string-width "^1.1.1"

power-assert-renderer-base@^1.1.1:
  version "1.1.1"
  resolved "http://registry.npm.taobao.org/power-assert-renderer-base/download/power-assert-renderer-base-1.1.1.tgz#96a650c6fd05ee1bc1f66b54ad61442c8b3f63eb"

power-assert-renderer-comparison@^1.0.7:
  version "1.1.1"
  resolved "http://registry.npm.taobao.org/power-assert-renderer-comparison/download/power-assert-renderer-comparison-1.1.1.tgz#d7439d97d85156be4e30a00f2fb5a72514ce3c08"
  dependencies:
    core-js "^2.0.0"
    diff-match-patch "^1.0.0"
    power-assert-renderer-base "^1.1.1"
    stringifier "^1.3.0"
    type-name "^2.0.1"

power-assert-renderer-diagram@^1.0.7:
  version "1.1.1"
  resolved "http://registry.npm.taobao.org/power-assert-renderer-diagram/download/power-assert-renderer-diagram-1.1.1.tgz#7e0c82cc08a84b155e51b5ae94f59709778a65fb"
  dependencies:
    core-js "^2.0.0"
    power-assert-renderer-base "^1.1.1"
    power-assert-util-string-width "^1.1.1"
    stringifier "^1.3.0"

power-assert-renderer-file@^1.0.7:
  version "1.1.1"
  resolved "http://registry.npm.taobao.org/power-assert-renderer-file/download/power-assert-renderer-file-1.1.1.tgz#a37e2bbd178ccacd04e78dbb79c92fe34933c5e7"
  dependencies:
    power-assert-renderer-base "^1.1.1"

power-assert-util-string-width@^1.1.1:
  version "1.1.1"
  resolved "http://registry.npm.taobao.org/power-assert-util-string-width/download/power-assert-util-string-width-1.1.1.tgz#be659eb7937fdd2e6c9a77268daaf64bd5b7c592"
  dependencies:
    eastasianwidth "^0.1.1"

power-assert@^1.4.2:
  version "1.4.2"
  resolved "http://registry.npm.taobao.org/power-assert/download/power-assert-1.4.2.tgz#43319cd0fecd3221f276f1cc49ffa2eaeb9a1815"
  dependencies:
    define-properties "^1.1.2"
    empower "^1.1.0"
    power-assert-formatter "^1.3.1"
    universal-deep-strict-equal "^1.2.1"
    xtend "^4.0.0"

prelude-ls@~1.1.2:
  version "1.1.2"
  resolved "http://registry.npm.taobao.org/prelude-ls/download/prelude-ls-1.1.2.tgz#21932a549f5e52ffd9a827f570e04be62a97da54"

process-nextick-args@~1.0.6:
  version "1.0.7"
  resolved "http://registry.npm.taobao.org/process-nextick-args/download/process-nextick-args-1.0.7.tgz#150e20b756590ad3f91093f25a4f2ad8bff30ba3"

qs@^6.1.0:
  version "6.4.0"
  resolved "http://registry.npm.taobao.org/qs/download/qs-6.4.0.tgz#13e26d28ad6b0ffaa91312cd3bf708ed351e7233"

readable-stream@^2.0.5, readable-stream@~2.0.5:
  version "2.0.6"
  resolved "http://registry.npm.taobao.org/readable-stream/download/readable-stream-2.0.6.tgz#8f90341e68a53ccc928788dacfcd11b36eb9b78e"
  dependencies:
    core-util-is "~1.0.0"
    inherits "~2.0.1"
    isarray "~1.0.0"
    process-nextick-args "~1.0.6"
    string_decoder "~0.10.x"
    util-deprecate "~1.0.1"

source-map-support@^0.3.0:
  version "0.3.3"
  resolved "http://registry.npm.taobao.org/source-map-support/download/source-map-support-0.3.3.tgz#34900977d5ba3f07c7757ee72e73bb1a9b53754f"
  dependencies:
    source-map "0.1.32"

source-map@0.1.32:
  version "0.1.32"
  resolved "http://registry.npm.taobao.org/source-map/download/source-map-0.1.32.tgz#c8b6c167797ba4740a8ea33252162ff08591b266"
  dependencies:
    amdefine ">=0.0.4"

source-map@^0.1.34:
  version "0.1.43"
  resolved "http://registry.npm.taobao.org/source-map/download/source-map-0.1.43.tgz#c24bc146ca517c1471f5dacbe2571b2b7f9e3346"
  dependencies:
    amdefine ">=0.0.4"

source-map@^0.5.0:
  version "0.5.6"
  resolved "http://registry.npm.taobao.org/source-map/download/source-map-0.5.6.tgz#75ce38f52bf0733c5a7f0c118d81334a2bb5f412"

source-map@~0.2.0:
  version "0.2.0"
  resolved "http://registry.npm.taobao.org/source-map/download/source-map-0.2.0.tgz#dab73fbcfc2ba819b4de03bd6f6eaa48164b3f9d"
  dependencies:
    amdefine ">=0.0.4"

string_decoder@~0.10.x:
  version "0.10.31"
  resolved "http://registry.npm.taobao.org/string_decoder/download/string_decoder-0.10.31.tgz#62e203bc41766c6c28c9fc84301dab1c5310fa94"

stringifier@^1.3.0:
  version "1.3.0"
  resolved "http://registry.npm.taobao.org/stringifier/download/stringifier-1.3.0.tgz#def18342f6933db0f2dbfc9aa02175b448c17959"
  dependencies:
    core-js "^2.0.0"
    traverse "^0.6.6"
    type-name "^2.0.1"

superagent@^3.5.2:
  version "3.5.2"
  resolved "http://registry.npm.taobao.org/superagent/download/superagent-3.5.2.tgz#3361a3971567504c351063abeaae0faa23dbf3f8"
  dependencies:
    component-emitter "^1.2.0"
    cookiejar "^2.0.6"
    debug "^2.2.0"
    extend "^3.0.0"
    form-data "^2.1.1"
    formidable "^1.1.1"
    methods "^1.1.1"
    mime "^1.3.4"
    qs "^6.1.0"
    readable-stream "^2.0.5"

supports-color@3.1.2:
  version "3.1.2"
  resolved "http://registry.npm.taobao.org/supports-color/download/supports-color-3.1.2.tgz#72a262894d9d408b956ca05ff37b2ed8a6e2a2d5"
  dependencies:
    has-flag "^1.0.0"

traverse@^0.6.6:
  version "0.6.6"
  resolved "http://registry.npm.taobao.org/traverse/download/traverse-0.6.6.tgz#cbdf560fd7b9af632502fed40f918c157ea97137"

type-check@~0.3.2:
  version "0.3.2"
  resolved "http://registry.npm.taobao.org/type-check/download/type-check-0.3.2.tgz#5884cab512cf1d355e3fb784f30804b2b520db72"
  dependencies:
    prelude-ls "~1.1.2"

type-name@^2.0.0, type-name@^2.0.1:
  version "2.0.2"
  resolved "http://registry.npm.taobao.org/type-name/download/type-name-2.0.2.tgz#efe7d4123d8ac52afff7f40c7e4dec5266008fb4"

universal-deep-strict-equal@^1.2.1:
  version "1.2.2"
  resolved "http://registry.npm.taobao.org/universal-deep-strict-equal/download/universal-deep-strict-equal-1.2.2.tgz#0da4ac2f73cff7924c81fa4de018ca562ca2b0a7"
  dependencies:
    array-filter "^1.0.0"
    indexof "0.0.1"
    object-keys "^1.0.0"

util-deprecate@~1.0.1:
  version "1.0.2"
  resolved "http://registry.npm.taobao.org/util-deprecate/download/util-deprecate-1.0.2.tgz#450d4dc9fa70de732762fbd2d4a28981419a0ccf"

wordwrap@~1.0.0:
  version "1.0.0"
  resolved "http://registry.npm.taobao.org/wordwrap/download/wordwrap-1.0.0.tgz#27584810891456a4171c8d0226441ade90cbcaeb"

wrappy@1:
  version "1.0.2"
  resolved "http://registry.npm.taobao.org/wrappy/download/wrappy-1.0.2.tgz#b5243d8f3ec1aa35f1364605bc0d1036e30ab69f"

xtend@^4.0.0:
  version "4.0.1"
  resolved "http://registry.npm.taobao.org/xtend/download/xtend-4.0.1.tgz#a5c6d532be656e23db820efb943a1f04998d63af"
